{
    "_readme": [
        "This file locks the dependencies of your project to a known state",
        "Read more about it at https://getcomposer.org/doc/01-basic-usage.md#installing-dependencies",
        "This file is @generated automatically"
    ],
    "content-hash": "1cbdee550e78f20b1b6c60cd0b3c3efe",
    "packages": [
        {
            "name": "zjk/db-interface",
            "version": "v0.1.0",
            "source": {
                "type": "git",
                "url": "https://github.com/hellolemon030-wq/dbInterface.git",
                "reference": "4a709b2d5aef0aa13d5fa7a9488ff70bf2dd010f"
            },
            "dist": {
                "type": "zip",
                "url": "https://api.github.com/repos/hellolemon030-wq/dbInterface/zipball/4a709b2d5aef0aa13d5fa7a9488ff70bf2dd010f",
                "reference": "4a709b2d5aef0aa13d5fa7a9488ff70bf2dd010f",
                "shasum": ""
            },
            "type": "library",
            "autoload": {
                "psr-4": {
                    "Zjk\\DbInterface\\": "src/"
                }
            },
            "authors": [
                {
                    "name": "zjk"
                }
            ],
            "description": "db interface",
            "support": {
                "source": "https://github.com/hellolemon030-wq/dbInterface/tree/v0.1.0",
                "issues": "https://github.com/hellolemon030-wq/dbInterface/issues"
            },
            "time": "2026-06-14T09:04:06+00:00"
        }
    ],
    "packages-dev": [],
    "aliases": [],
    "minimum-stability": "stable",
    "stability-flags": {},
    "prefer-stable": false,
    "prefer-lowest": false,
    "platform": {},
    "platform-dev": {},
    "plugin-api-version": "2.6.0"
}
